// !$*UTF8*$!
{
	archiveVersion = 1;
	classes = {
	};
	objectVersion = 50;
	objects = {

/* Begin PBXBuildFile section */
		091252BD21981F5E00365205 /* IPMainViewController.swift in Sources */ = {isa = PBXBuildFile; fileRef = 091252BC21981F5E00365205 /* IPMainViewController.swift */; };
		091252BF2198552A00365205 /* IPImageCollectionViewCell.swift in Sources */ = {isa = PBXBuildFile; fileRef = 091252BE2198552A00365205 /* IPImageCollectionViewCell.swift */; };
		091252C12198596600365205 /* IPCachedImageView.swift in Sources */ = {isa = PBXBuildFile; fileRef = 091252C02198596600365205 /* IPCachedImageView.swift */; };
		091252C321985B3D00365205 /* IPCollectionFooterView.swift in Sources */ = {isa = PBXBuildFile; fileRef = 091252C221985B3D00365205 /* IPCollectionFooterView.swift */; };
		091252C521985B7C00365205 /* ZoomTransitioningDelegate.swift in Sources */ = {isa = PBXBuildFile; fileRef = 091252C421985B7C00365205 /* ZoomTransitioningDelegate.swift */; };
		091252C721985BD100365205 /* FlickrPhoto.swift in Sources */ = {isa = PBXBuildFile; fileRef = 091252C621985BD100365205 /* FlickrPhoto.swift */; };
		091252C9219861F900365205 /* FlickrProvider.swift in Sources */ = {isa = PBXBuildFile; fileRef = 091252C8219861F900365205 /* FlickrProvider.swift */; };
		091252CD2198621F00365205 /* NetworkManager.swift in Sources */ = {isa = PBXBuildFile; fileRef = 091252CC2198621F00365205 /* NetworkManager.swift */; };
		091252CF2198622B00365205 /* CacheManager.swift in Sources */ = {isa = PBXBuildFile; fileRef = 091252CE2198622B00365205 /* CacheManager.swift */; };
		091252D22198647800365205 /* IPImageDetailViewController.swift in Sources */ = {isa = PBXBuildFile; fileRef = 091252D02198647800365205 /* IPImageDetailViewController.swift */; };
		09F3515E2198043B00CC062B /* AppDelegate.swift in Sources */ = {isa = PBXBuildFile; fileRef = 09F3515D2198043B00CC062B /* AppDelegate.swift */; };
		09F351632198043B00CC062B /* Main.storyboard in Resources */ = {isa = PBXBuildFile; fileRef = 09F351612198043B00CC062B /* Main.storyboard */; };
		09F351682198043D00CC062B /* Assets.xcassets in Resources */ = {isa = PBXBuildFile; fileRef = 09F351672198043D00CC062B /* Assets.xcassets */; };
		09F3516B2198043D00CC062B /* LaunchScreen.storyboard in Resources */ = {isa = PBXBuildFile; fileRef = 09F351692198043D00CC062B /* LaunchScreen.storyboard */; };
/* End PBXBuildFile section */

/* Begin PBXFileReference section */
		091252BC21981F5E00365205 /* IPMainViewController.swift */ = {isa = PBXFileReference; lastKnownFileType = sourcecode.swift; path = IPMainViewController.swift; sourceTree = "<group>"; };
		091252BE2198552A00365205 /* IPImageCollectionViewCell.swift */ = {isa = PBXFileReference; lastKnownFileType = sourcecode.swift; path = IPImageCollectionViewCell.swift; sourceTree = "<group>"; };
		091252C02198596600365205 /* IPCachedImageView.swift */ = {isa = PBXFileReference; lastKnownFileType = sourcecode.swift; path = IPCachedImageView.swift; sourceTree = "<group>"; };
		091252C221985B3D00365205 /* IPCollectionFooterView.swift */ = {isa = PBXFileReference; lastKnownFileType = sourcecode.swift; path = IPCollectionFooterView.swift; sourceTree = "<group>"; };
		091252C421985B7C00365205 /* ZoomTransitioningDelegate.swift */ = {isa = PBXFileReference; lastKnownFileType = sourcecode.swift; path = ZoomTransitioningDelegate.swift; sourceTree = "<group>"; };
		091252C621985BD100365205 /* FlickrPhoto.swift */ = {isa = PBXFileReference; lastKnownFileType = sourcecode.swift; path = FlickrPhoto.swift; sourceTree = "<group>"; };
		091252C8219861F900365205 /* FlickrProvider.swift */ = {isa = PBXFileReference; lastKnownFileType = sourcecode.swift; path = FlickrProvider.swift; sourceTree = "<group>"; };
		091252CC2198621F00365205 /* NetworkManager.swift */ = {isa = PBXFileReference; lastKnownFileType = sourcecode.swift; path = NetworkManager.swift; sourceTree = "<group>"; };
		091252CE2198622B00365205 /* CacheManager.swift */ = {isa = PBXFileReference; lastKnownFileType = sourcecode.swift; path = CacheManager.swift; sourceTree = "<group>"; };
		091252D02198647800365205 /* IPImageDetailViewController.swift */ = {isa = PBXFileReference; lastKnownFileType = sourcecode.swift; path = IPImageDetailViewController.swift; sourceTree = "<group>"; };
		09F3515A2198043B00CC062B /* ImagePad.app */ = {isa = PBXFileReference; explicitFileType = wrapper.application; includeInIndex = 0; path = ImagePad.app; sourceTree = BUILT_PRODUCTS_DIR; };
		09F3515D2198043B00CC062B /* AppDelegate.swift */ = {isa = PBXFileReference; lastKnownFileType = sourcecode.swift; path = AppDelegate.swift; sourceTree = "<group>"; };
		09F351622198043B00CC062B /* Base */ = {isa = PBXFileReference; lastKnownFileType = file.storyboard; name = Base; path = Base.lproj/Main.storyboard; sourceTree = "<group>"; };
		09F351672198043D00CC062B /* Assets.xcassets */ = {isa = PBXFileReference; lastKnownFileType = folder.assetcatalog; path = Assets.xcassets; sourceTree = "<group>"; };
		09F3516A2198043D00CC062B /* Base */ = {isa = PBXFileReference; lastKnownFileType = file.storyboard; name = Base; path = Base.lproj/LaunchScreen.storyboard; sourceTree = "<group>"; };
		09F3516C2198043D00CC062B /* Info.plist */ = {isa = PBXFileReference; lastKnownFileType = text.plist.xml; path = Info.plist; sourceTree = "<group>"; };
/* End PBXFileReference section */

/* Begin PBXFrameworksBuildPhase section */
		09F351572198043B00CC062B /* Frameworks */ = {
			isa = PBXFrameworksBuildPhase;
			buildActionMask = 2147483647;
			files = (
			);
			runOnlyForDeploymentPostprocessing = 0;
		};
/* End PBXFrameworksBuildPhase section */

/* Begin PBXGroup section */
		09F351512198043B00CC062B = {
			isa = PBXGroup;
			children = (
				09F3515C2198043B00CC062B /* ImagePad */,
				09F3515B2198043B00CC062B /* Products */,
			);
			sourceTree = "<group>";
		};
		09F3515B2198043B00CC062B /* Products */ = {
			isa = PBXGroup;
			children = (
				09F3515A2198043B00CC062B /* ImagePad.app */,
			);
			name = Products;
			sourceTree = "<group>";
		};
		09F3515C2198043B00CC062B /* ImagePad */ = {
			isa = PBXGroup;
			children = (
				09F35175219810DA00CC062B /* Network */,
				09F35174219810D300CC062B /* Model */,
				09F35172219810C300CC062B /* Controller */,
				09F35173219810CC00CC062B /* View */,
				09F351762198111000CC062B /* Assets */,
				09F351772198112E00CC062B /* LaunchScreen */,
				09F3515D2198043B00CC062B /* AppDelegate.swift */,
				09F3516C2198043D00CC062B /* Info.plist */,
			);
			path = ImagePad;
			sourceTree = "<group>";
		};
		09F35172219810C300CC062B /* Controller */ = {
			isa = PBXGroup;
			children = (
				091252BC21981F5E00365205 /* IPMainViewController.swift */,
				091252D02198647800365205 /* IPImageDetailViewController.swift */,
			);
			path = Controller;
			sourceTree = "<group>";
		};
		09F35173219810CC00CC062B /* View */ = {
			isa = PBXGroup;
			children = (
				09F351612198043B00CC062B /* Main.storyboard */,
				091252BE2198552A00365205 /* IPImageCollectionViewCell.swift */,
				091252C02198596600365205 /* IPCachedImageView.swift */,
				091252C221985B3D00365205 /* IPCollectionFooterView.swift */,
				091252C421985B7C00365205 /* ZoomTransitioningDelegate.swift */,
			);
			path = View;
			sourceTree = "<group>";
		};
		09F35174219810D300CC062B /* Model */ = {
			isa = PBXGroup;
			children = (
				091252C621985BD100365205 /* FlickrPhoto.swift */,
			);
			path = Model;
			sourceTree = "<group>";
		};
		09F35175219810DA00CC062B /* Network */ = {
			isa = PBXGroup;
			children = (
				091252C8219861F900365205 /* FlickrProvider.swift */,
				091252CC2198621F00365205 /* NetworkManager.swift */,
				091252CE2198622B00365205 /* CacheManager.swift */,
			);
			path = Network;
			sourceTree = "<group>";
		};
		09F351762198111000CC062B /* Assets */ = {
			isa = PBXGroup;
			children = (
				09F351672198043D00CC062B /* Assets.xcassets */,
			);
			path = Assets;
			sourceTree = "<group>";
		};
		09F351772198112E00CC062B /* LaunchScreen */ = {
			isa = PBXGroup;
			children = (
				09F351692198043D00CC062B /* LaunchScreen.storyboard */,
			);
			path = LaunchScreen;
			sourceTree = "<group>";
		};
/* End PBXGroup section */

/* Begin PBXNativeTarget section */
		09F351592198043B00CC062B /* ImagePad */ = {
			isa = PBXNativeTarget;
			buildConfigurationList = 09F3516F2198043D00CC062B /* Build configuration list for PBXNativeTarget "ImagePad" */;
			buildPhases = (
				09F351562198043B00CC062B /* Sources */,
				09F351572198043B00CC062B /* Frameworks */,
				09F351582198043B00CC062B /* Resources */,
			);
			buildRules = (
			);
			dependencies = (
			);
			name = ImagePad;
			productName = ImagePad;
			productReference = 09F3515A2198043B00CC062B /* ImagePad.app */;
			productType = "com.apple.product-type.application";
		};
/* End PBXNativeTarget section */

/* Begin PBXProject section */
		09F351522198043B00CC062B /* Project object */ = {
			isa = PBXProject;
			attributes = {
				LastSwiftUpdateCheck = 0940;
				LastUpgradeCheck = 0940;
				ORGANIZATIONNAME = SaurabhGulia;
				TargetAttributes = {
					09F351592198043B00CC062B = {
						CreatedOnToolsVersion = 9.4;
					};
				};
			};
			buildConfigurationList = 09F351552198043B00CC062B /* Build configuration list for PBXProject "ImagePad" */;
			compatibilityVersion = "Xcode 9.3";
			developmentRegion = en;
			hasScannedForEncodings = 0;
			knownRegions = (
				en,
				Base,
			);
			mainGroup = 09F351512198043B00CC062B;
			productRefGroup = 09F3515B2198043B00CC062B /* Products */;
			projectDirPath = "";
			projectRoot = "";
			targets = (
				09F351592198043B00CC062B /* ImagePad */,
			);
		};
/* End PBXProject section */

/* Begin PBXResourcesBuildPhase section */
		09F351582198043B00CC062B /* Resources */ = {
			isa = PBXResourcesBuildPhase;
			buildActionMask = 2147483647;
			files = (
				09F3516B2198043D00CC062B /* LaunchScreen.storyboard in Resources */,
				09F351682198043D00CC062B /* Assets.xcassets in Resources */,
				09F351632198043B00CC062B /* Main.storyboard in Resources */,
			);
			runOnlyForDeploymentPostprocessing = 0;
		};
/* End PBXResourcesBuildPhase section */

/* Begin PBXSourcesBuildPhase section */
		09F351562198043B00CC062B /* Sources */ = {
			isa = PBXSourcesBuildPhase;
			buildActionMask = 2147483647;
			files = (
				091252C321985B3D00365205 /* IPCollectionFooterView.swift in Sources */,
				091252C721985BD100365205 /* FlickrPhoto.swift in Sources */,
				091252D22198647800365205 /* IPImageDetailViewController.swift in Sources */,
				091252CD2198621F00365205 /* NetworkManager.swift in Sources */,
				091252BD21981F5E00365205 /* IPMainViewController.swift in Sources */,
				091252C521985B7C00365205 /* ZoomTransitioningDelegate.swift in Sources */,
				091252C12198596600365205 /* IPCachedImageView.swift in Sources */,
				091252CF2198622B00365205 /* CacheManager.swift in Sources */,
				091252BF2198552A00365205 /* IPImageCollectionViewCell.swift in Sources */,
				091252C9219861F900365205 /* FlickrProvider.swift in Sources */,
				09F3515E2198043B00CC062B /* AppDelegate.swift in Sources */,
			);
			runOnlyForDeploymentPostprocessing = 0;
		};
/* End PBXSourcesBuildPhase section */

/* Begin PBXVariantGroup section */
		09F351612198043B00CC062B /* Main.storyboard */ = {
			isa = PBXVariantGroup;
			children = (
				09F351622198043B00CC062B /* Base */,
			);
			name = Main.storyboard;
			sourceTree = "<group>";
		};
		09F351692198043D00CC062B /* LaunchScreen.storyboard */ = {
			isa = PBXVariantGroup;
			children = (
				09F3516A2198043D00CC062B /* Base */,
			);
			name = LaunchScreen.storyboard;
			sourceTree = "<group>";
		};
/* End PBXVariantGroup section */

/* Begin XCBuildConfiguration section */
		09F3516D2198043D00CC062B /* Debug */ = {
			isa = XCBuildConfiguration;
			buildSettings = {
				ALWAYS_SEARCH_USER_PATHS = NO;
				CLANG_ANALYZER_NONNULL = YES;
				CLANG_ANALYZER_NUMBER_OBJECT_CONVERSION = YES_AGGRESSIVE;
				CLANG_CXX_LANGUAGE_STANDARD = "gnu++14";
				CLANG_CXX_LIBRARY = "libc++";
				CLANG_ENABLE_MODULES = YES;
				CLANG_ENABLE_OBJC_ARC = YES;
				CLANG_ENABLE_OBJC_WEAK = YES;
				CLANG_WARN_BLOCK_CAPTURE_AUTORELEASING = YES;
				CLANG_WARN_BOOL_CONVERSION = YES;
				CLANG_WARN_COMMA = YES;
				CLANG_WARN_CONSTANT_CONVERSION = YES;
				CLANG_WARN_DEPRECATED_OBJC_IMPLEMENTATIONS = YES;
				CLANG_WARN_DIRECT_OBJC_ISA_USAGE = YES_ERROR;
				CLANG_WARN_DOCUMENTATION_COMMENTS = YES;
				CLANG_WARN_EMPTY_BODY = YES;
				CLANG_WARN_ENUM_CONVERSION = YES;
				CLANG_WARN_INFINITE_RECURSION = YES;
				CLANG_WARN_INT_CONVERSION = YES;
				CLANG_WARN_NON_LITERAL_NULL_CONVERSION = YES;
				CLANG_WARN_OBJC_IMPLICIT_RETAIN_SELF = YES;
				CLANG_WARN_OBJC_LITERAL_CONVERSION = YES;
				CLANG_WARN_OBJC_ROOT_CLASS = YES_ERROR;
				CLANG_WARN_RANGE_LOOP_ANALYSIS = YES;
				CLANG_WARN_STRICT_PROTOTYPES = YES;
				CLANG_WARN_SUSPICIOUS_MOVE = YES;
				CLANG_WARN_UNGUARDED_AVAILABILITY = YES_AGGRESSIVE;
				CLANG_WARN_UNREACHABLE_CODE = YES;
				CLANG_WARN__DUPLICATE_METHOD_MATCH = YES;
				CODE_SIGN_IDENTITY = "iPhone Developer";
				COPY_PHASE_STRIP = NO;
				DEBUG_INFORMATION_FORMAT = dwarf;
				ENABLE_STRICT_OBJC_MSGSEND = YES;
				ENABLE_TESTABILITY = YES;
				GCC_C_LANGUAGE_STANDARD = gnu11;
				GCC_DYNAMIC_NO_PIC = NO;
				GCC_NO_COMMON_BLOCKS = YES;
				GCC_OPTIMIZATION_LEVEL = 0;
				GCC_PREPROCESSOR_DEFINITIONS = (
					"DEBUG=1",
					"$(inherited)",
				);
				GCC_WARN_64_TO_32_BIT_CONVERSION = YES;
				GCC_WARN_ABOUT_RETURN_TYPE = YES_ERROR;
				GCC_WARN_UNDECLARED_SELECTOR = YES;
				GCC_WARN_UNINITIALIZED_AUTOS = YES_AGGRESSIVE;
				GCC_WARN_UNUSED_FUNCTION = YES;
				GCC_WARN_UNUSED_VARIABLE = YES;
				IPHONEOS_DEPLOYMENT_TARGET = 11.0;
				MTL_ENABLE_DEBUG_INFO = YES;
				ONLY_ACTIVE_ARCH = YES;
				SDKROOT = iphoneos;
				SWIFT_ACTIVE_COMPILATION_CONDITIONS = DEBUG;
				SWIFT_OPTIMIZATION_LEVEL = "-Onone";
			};
			name = Debug;
		};
		09F3516E2198043D00CC062B /* Release */ = {
			isa = XCBuildConfiguration;
			buildSettings = {
				ALWAYS_SEARCH_USER_PATHS = NO;
				CLANG_ANALYZER_NONNULL = YES;
				CLANG_ANALYZER_NUMBER_OBJECT_CONVERSION = YES_AGGRESSIVE;
				CLANG_CXX_LANGUAGE_STANDARD = "gnu++14";
				CLANG_CXX_LIBRARY = "libc++";
				CLANG_ENABLE_MODULES = YES;
				CLANG_ENABLE_OBJC_ARC = YES;
				CLANG_ENABLE_OBJC_WEAK = YES;
				CLANG_WARN_BLOCK_CAPTURE_AUTORELEASING = YES;
				CLANG_WARN_BOOL_CONVERSION = YES;
				CLANG_WARN_COMMA = YES;
				CLANG_WARN_CONSTANT_CONVERSION = YES;
				CLANG_WARN_DEPRECATED_OBJC_IMPLEMENTATIONS = YES;
				CLANG_WARN_DIRECT_OBJC_ISA_USAGE = YES_ERROR;
				CLANG_WARN_DOCUMENTATION_COMMENTS = YES;
				CLANG_WARN_EMPTY_BODY = YES;
				CLANG_WARN_ENUM_CONVERSION = YES;
				CLANG_WARN_INFINITE_RECURSION = YES;
				CLANG_WARN_INT_CONVERSION = YES;
				CLANG_WARN_NON_LITERAL_NULL_CONVERSION = YES;
				CLANG_WARN_OBJC_IMPLICIT_RETAIN_SELF = YES;
				CLANG_WARN_OBJC_LITERAL_CONVERSION = YES;
				CLANG_WARN_OBJC_ROOT_CLASS = YES_ERROR;
				CLANG_WARN_RANGE_LOOP_ANALYSIS = YES;
				CLANG_WARN_STRICT_PROTOTYPES = YES;
				CLANG_WARN_SUSPICIOUS_MOVE = YES;
				CLANG_WARN_UNGUARDED_AVAILABILITY = YES_AGGRESSIVE;
				CLANG_WARN_UNREACHABLE_CODE = YES;
				CLANG_WARN__DUPLICATE_METHOD_MATCH = YES;
				CODE_SIGN_IDENTITY = "iPhone Developer";
				COPY_PHASE_STRIP = NO;
				DEBUG_INFORMATION_FORMAT = "dwarf-with-dsym";
				ENABLE_NS_ASSERTIONS = NO;
				ENABLE_STRICT_OBJC_MSGSEND = YES;
				GCC_C_LANGUAGE_STANDARD = gnu11;
				GCC_NO_COMMON_BLOCKS = YES;
				GCC_WARN_64_TO_32_BIT_CONVERSION = YES;
				GCC_WARN_ABOUT_RETURN_TYPE = YES_ERROR;
				GCC_WARN_UNDECLARED_SELECTOR = YES;
				GCC_WARN_UNINITIALIZED_AUTOS = YES_AGGRESSIVE;
				GCC_WARN_UNUSED_FUNCTION = YES;
				GCC_WARN_UNUSED_VARIABLE = YES;
				IPHONEOS_DEPLOYMENT_TARGET = 11.0;
				MTL_ENABLE_DEBUG_INFO = NO;
				SDKROOT = iphoneos;
				SWIFT_COMPILATION_MODE = wholemodule;
				SWIFT_OPTIMIZATION_LEVEL = "-O";
				VALIDATE_PRODUCT = YES;
			};
			name = Release;
		};
		09F351702198043D00CC062B /* Debug */ = {
			isa = XCBuildConfiguration;
			buildSettings = {
				ASSETCATALOG_COMPILER_APPICON_NAME = AppIcon;
				CODE_SIGN_STYLE = Automatic;
				DEVELOPMENT_TEAM = "";
				INFOPLIST_FILE = ImagePad/Info.plist;
				LD_RUNPATH_SEARCH_PATHS = (
					"$(inherited)",
					"@executable_path/Frameworks",
				);
				PRODUCT_BUNDLE_IDENTIFIER = in.bsb.AirtelOne.ImagePad;
				PRODUCT_NAME = "$(TARGET_NAME)";
				SWIFT_VERSION = 4.0;
				TARGETED_DEVICE_FAMILY = "1,2";
			};
			name = Debug;
		};
		09F351712198043D00CC062B /* Release */ = {
			isa = XCBuildConfiguration;
			buildSettings = {
				ASSETCATALOG_COMPILER_APPICON_NAME = AppIcon;
				CODE_SIGN_STYLE = Automatic;
				DEVELOPMENT_TEAM = "";
				INFOPLIST_FILE = ImagePad/Info.plist;
				LD_RUNPATH_SEARCH_PATHS = (
					"$(inherited)",
					"@executable_path/Frameworks",
				);
				PRODUCT_BUNDLE_IDENTIFIER = in.bsb.AirtelOne.ImagePad;
				PRODUCT_NAME = "$(TARGET_NAME)";
				SWIFT_VERSION = 4.0;
				TARGETED_DEVICE_FAMILY = "1,2";
			};
			name = Release;
		};
/* End XCBuildConfiguration section */

/* Begin XCConfigurationList section */
		09F351552198043B00CC062B /* Build configuration list for PBXProject "ImagePad" */ = {
			isa = XCConfigurationList;
			buildConfigurations = (
				09F3516D2198043D00CC062B /* Debug */,
				09F3516E2198043D00CC062B /* Release */,
			);
			defaultConfigurationIsVisible = 0;
			defaultConfigurationName = Release;
		};
		09F3516F2198043D00CC062B /* Build configuration list for PBXNativeTarget "ImagePad" */ = {
			isa = XCConfigurationList;
			buildConfigurations = (
				09F351702198043D00CC062B /* Debug */,
				09F351712198043D00CC062B /* Release */,
			);
			defaultConfigurationIsVisible = 0;
			defaultConfigurationName = Release;
		};
/* End XCConfigurationList section */
	};
	rootObject = 09F351522198043B00CC062B /* Project object */;
}
